
Microsoft Visual Studio Solution File, Format Version 12.00
Project("{FAE04EC0-301F-11D3-BF4B-00C04F79EFBC}") = "card_image_renderer", "card_image_renderer.csproj", "{9D1EF46D-E4A8-4221-A09D-2C313403FE01}"
EndProject
Global
	GlobalSection(SolutionConfigurationPlatforms) = preSolution
		Debug|Any CPU = Debug|Any CPU
		ExportDebug|Any CPU = ExportDebug|Any CPU
		ExportRelease|Any CPU = ExportRelease|Any CPU
	EndGlobalSection
	GlobalSection(ProjectConfigurationPlatforms) = postSolution
		{9D1EF46D-E4A8-4221-A09D-2C313403FE01}.Debug|Any CPU.ActiveCfg = Debug|Any CPU
		{9D1EF46D-E4A8-4221-A09D-2C313403FE01}.Debug|Any CPU.Build.0 = Debug|Any CPU
		{9D1EF46D-E4A8-4221-A09D-2C313403FE01}.ExportDebug|Any CPU.ActiveCfg = ExportDebug|Any CPU
		{9D1EF46D-E4A8-4221-A09D-2C313403FE01}.ExportDebug|Any CPU.Build.0 = ExportDebug|Any CPU
		{9D1EF46D-E4A8-4221-A09D-2C313403FE01}.ExportRelease|Any CPU.ActiveCfg = ExportRelease|Any CPU
		{9D1EF46D-E4A8-4221-A09D-2C313403FE01}.ExportRelease|Any CPU.Build.0 = ExportRelease|Any CPU
	EndGlobalSection
EndGlobal
